// !$*UTF8*$!
{
	archiveVersion = 1;
	classes = {
	};
	objectVersion = 46;
	objects = {

/* Begin PBXBuildFile section */
		65804C621547EAAB00F9C501 /* UIKit.framework in Frameworks */ = {isa = PBXBuildFile; fileRef = 65804C611547EAAB00F9C501 /* UIKit.framework */; };
		65804C641547EAAB00F9C501 /* Foundation.framework in Frameworks */ = {isa = PBXBuildFile; fileRef = 65804C631547EAAB00F9C501 /* Foundation.framework */; };
		65804C661547EAAB00F9C501 /* CoreGraphics.framework in Frameworks */ = {isa = PBXBuildFile; fileRef = 65804C651547EAAB00F9C501 /* CoreGraphics.framework */; };
		65804C6C1547EAAB00F9C501 /* InfoPlist.strings in Resources */ = {isa = PBXBuildFile; fileRef = 65804C6A1547EAAB00F9C501 /* InfoPlist.strings */; };
		65804C6E1547EAAB00F9C501 /* main.m in Sources */ = {isa = PBXBuildFile; fileRef = 65804C6D1547EAAB00F9C501 /* main.m */; };
		65804C721547EAAC00F9C501 /* RCAppDelegate.m in Sources */ = {isa = PBXBuildFile; fileRef = 65804C711547EAAC00F9C501 /* RCAppDelegate.m */; };
		65804C751547EAAC00F9C501 /* RCViewController.m in Sources */ = {isa = PBXBuildFile; fileRef = 65804C741547EAAC00F9C501 /* RCViewController.m */; };
		65804C781547EAAC00F9C501 /* RCViewController_iPhone.xib in Resources */ = {isa = PBXBuildFile; fileRef = 65804C761547EAAC00F9C501 /* RCViewController_iPhone.xib */; };
		65804C7B1547EAAC00F9C501 /* RCViewController_iPad.xib in Resources */ = {isa = PBXBuildFile; fileRef = 65804C791547EAAC00F9C501 /* RCViewController_iPad.xib */; };
		65804C831547EC4E00F9C501 /* RCField.m in Sources */ = {isa = PBXBuildFile; fileRef = 65804C821547EC4E00F9C501 /* RCField.m */; };
		65804C8A1547ECEA00F9C501 /* RCView.m in Sources */ = {isa = PBXBuildFile; fileRef = 65804C891547ECEA00F9C501 /* RCView.m */; };
/* End PBXBuildFile section */

/* Begin PBXFileReference section */
		65804C5D1547EAAB00F9C501 /* RetinaConway.app */ = {isa = PBXFileReference; explicitFileType = wrapper.application; includeInIndex = 0; path = RetinaConway.app; sourceTree = BUILT_PRODUCTS_DIR; };
		65804C611547EAAB00F9C501 /* UIKit.framework */ = {isa = PBXFileReference; lastKnownFileType = wrapper.framework; name = UIKit.framework; path = System/Library/Frameworks/UIKit.framework; sourceTree = SDKROOT; };
		65804C631547EAAB00F9C501 /* Foundation.framework */ = {isa = PBXFileReference; lastKnownFileType = wrapper.framework; name = Foundation.framework; path = System/Library/Frameworks/Foundation.framework; sourceTree = SDKROOT; };
		65804C651547EAAB00F9C501 /* CoreGraphics.framework */ = {isa = PBXFileReference; lastKnownFileType = wrapper.framework; name = CoreGraphics.framework; path = System/Library/Frameworks/CoreGraphics.framework; sourceTree = SDKROOT; };
		65804C691547EAAB00F9C501 /* RetinaConway-Info.plist */ = {isa = PBXFileReference; lastKnownFileType = text.plist.xml; path = "RetinaConway-Info.plist"; sourceTree = "<group>"; };
		65804C6B1547EAAB00F9C501 /* en */ = {isa = PBXFileReference; lastKnownFileType = text.plist.strings; name = en; path = en.lproj/InfoPlist.strings; sourceTree = "<group>"; };
		65804C6D1547EAAB00F9C501 /* main.m */ = {isa = PBXFileReference; lastKnownFileType = sourcecode.c.objc; path = main.m; sourceTree = "<group>"; };
		65804C6F1547EAAB00F9C501 /* RetinaConway-Prefix.pch */ = {isa = PBXFileReference; lastKnownFileType = sourcecode.c.h; path = "RetinaConway-Prefix.pch"; sourceTree = "<group>"; };
		65804C701547EAAB00F9C501 /* RCAppDelegate.h */ = {isa = PBXFileReference; lastKnownFileType = sourcecode.c.h; path = RCAppDelegate.h; sourceTree = "<group>"; };
		65804C711547EAAC00F9C501 /* RCAppDelegate.m */ = {isa = PBXFileReference; lastKnownFileType = sourcecode.c.objc; path = RCAppDelegate.m; sourceTree = "<group>"; };
		65804C731547EAAC00F9C501 /* RCViewController.h */ = {isa = PBXFileReference; lastKnownFileType = sourcecode.c.h; path = RCViewController.h; sourceTree = "<group>"; };
		65804C741547EAAC00F9C501 /* RCViewController.m */ = {isa = PBXFileReference; lastKnownFileType = sourcecode.c.objc; path = RCViewController.m; sourceTree = "<group>"; };
		65804C771547EAAC00F9C501 /* en */ = {isa = PBXFileReference; lastKnownFileType = file.xib; name = en; path = en.lproj/RCViewController_iPhone.xib; sourceTree = "<group>"; };
		65804C7A1547EAAC00F9C501 /* en */ = {isa = PBXFileReference; lastKnownFileType = file.xib; name = en; path = en.lproj/RCViewController_iPad.xib; sourceTree = "<group>"; };
		65804C811547EC4E00F9C501 /* RCField.h */ = {isa = PBXFileReference; fileEncoding = 4; lastKnownFileType = sourcecode.c.h; path = RCField.h; sourceTree = "<group>"; };
		65804C821547EC4E00F9C501 /* RCField.m */ = {isa = PBXFileReference; fileEncoding = 4; lastKnownFileType = sourcecode.c.objc; path = RCField.m; sourceTree = "<group>"; };
		65804C881547ECEA00F9C501 /* RCView.h */ = {isa = PBXFileReference; fileEncoding = 4; lastKnownFileType = sourcecode.c.h; path = RCView.h; sourceTree = "<group>"; };
		65804C891547ECEA00F9C501 /* RCView.m */ = {isa = PBXFileReference; fileEncoding = 4; lastKnownFileType = sourcecode.c.objc; path = RCView.m; sourceTree = "<group>"; };
/* End PBXFileReference section */

/* Begin PBXFrameworksBuildPhase section */
		65804C5A1547EAAB00F9C501 /* Frameworks */ = {
			isa = PBXFrameworksBuildPhase;
			buildActionMask = 2147483647;
			files = (
				65804C621547EAAB00F9C501 /* UIKit.framework in Frameworks */,
				65804C641547EAAB00F9C501 /* Foundation.framework in Frameworks */,
				65804C661547EAAB00F9C501 /* CoreGraphics.framework in Frameworks */,
			);
			runOnlyForDeploymentPostprocessing = 0;
		};
/* End PBXFrameworksBuildPhase section */

/* Begin PBXGroup section */
		65804C521547EAAB00F9C501 = {
			isa = PBXGroup;
			children = (
				65804C671547EAAB00F9C501 /* RetinaConway */,
				65804C601547EAAB00F9C501 /* Frameworks */,
				65804C5E1547EAAB00F9C501 /* Products */,
			);
			sourceTree = "<group>";
		};
		65804C5E1547EAAB00F9C501 /* Products */ = {
			isa = PBXGroup;
			children = (
				65804C5D1547EAAB00F9C501 /* RetinaConway.app */,
			);
			name = Products;
			sourceTree = "<group>";
		};
		65804C601547EAAB00F9C501 /* Frameworks */ = {
			isa = PBXGroup;
			children = (
				65804C611547EAAB00F9C501 /* UIKit.framework */,
				65804C631547EAAB00F9C501 /* Foundation.framework */,
				65804C651547EAAB00F9C501 /* CoreGraphics.framework */,
			);
			name = Frameworks;
			sourceTree = "<group>";
		};
		65804C671547EAAB00F9C501 /* RetinaConway */ = {
			isa = PBXGroup;
			children = (
				65804C701547EAAB00F9C501 /* RCAppDelegate.h */,
				65804C711547EAAC00F9C501 /* RCAppDelegate.m */,
				65804C811547EC4E00F9C501 /* RCField.h */,
				65804C821547EC4E00F9C501 /* RCField.m */,
				65804C731547EAAC00F9C501 /* RCViewController.h */,
				65804C741547EAAC00F9C501 /* RCViewController.m */,
				65804C881547ECEA00F9C501 /* RCView.h */,
				65804C891547ECEA00F9C501 /* RCView.m */,
				65804C761547EAAC00F9C501 /* RCViewController_iPhone.xib */,
				65804C791547EAAC00F9C501 /* RCViewController_iPad.xib */,
				65804C681547EAAB00F9C501 /* Supporting Files */,
			);
			path = RetinaConway;
			sourceTree = "<group>";
		};
		65804C681547EAAB00F9C501 /* Supporting Files */ = {
			isa = PBXGroup;
			children = (
				65804C691547EAAB00F9C501 /* RetinaConway-Info.plist */,
				65804C6A1547EAAB00F9C501 /* InfoPlist.strings */,
				65804C6D1547EAAB00F9C501 /* main.m */,
				65804C6F1547EAAB00F9C501 /* RetinaConway-Prefix.pch */,
			);
			name = "Supporting Files";
			sourceTree = "<group>";
		};
/* End PBXGroup section */

/* Begin PBXNativeTarget section */
		65804C5C1547EAAB00F9C501 /* RetinaConway */ = {
			isa = PBXNativeTarget;
			buildConfigurationList = 65804C7E1547EAAC00F9C501 /* Build configuration list for PBXNativeTarget "RetinaConway" */;
			buildPhases = (
				65804C591547EAAB00F9C501 /* Sources */,
				65804C5A1547EAAB00F9C501 /* Frameworks */,
				65804C5B1547EAAB00F9C501 /* Resources */,
			);
			buildRules = (
			);
			dependencies = (
			);
			name = RetinaConway;
			productName = RetinaConway;
			productReference = 65804C5D1547EAAB00F9C501 /* RetinaConway.app */;
			productType = "com.apple.product-type.application";
		};
/* End PBXNativeTarget section */

/* Begin PBXProject section */
		65804C541547EAAB00F9C501 /* Project object */ = {
			isa = PBXProject;
			attributes = {
				CLASSPREFIX = RC;
				LastUpgradeCheck = 0430;
				ORGANIZATIONNAME = "Daniel Clelland";
			};
			buildConfigurationList = 65804C571547EAAB00F9C501 /* Build configuration list for PBXProject "RetinaConway" */;
			compatibilityVersion = "Xcode 3.2";
			developmentRegion = English;
			hasScannedForEncodings = 0;
			knownRegions = (
				en,
			);
			mainGroup = 65804C521547EAAB00F9C501;
			productRefGroup = 65804C5E1547EAAB00F9C501 /* Products */;
			projectDirPath = "";
			projectRoot = "";
			targets = (
				65804C5C1547EAAB00F9C501 /* RetinaConway */,
			);
		};
/* End PBXProject section */

/* Begin PBXResourcesBuildPhase section */
		65804C5B1547EAAB00F9C501 /* Resources */ = {
			isa = PBXResourcesBuildPhase;
			buildActionMask = 2147483647;
			files = (
				65804C6C1547EAAB00F9C501 /* InfoPlist.strings in Resources */,
				65804C781547EAAC00F9C501 /* RCViewController_iPhone.xib in Resources */,
				65804C7B1547EAAC00F9C501 /* RCViewController_iPad.xib in Resources */,
			);
			runOnlyForDeploymentPostprocessing = 0;
		};
/* End PBXResourcesBuildPhase section */

/* Begin PBXSourcesBuildPhase section */
		65804C591547EAAB00F9C501 /* Sources */ = {
			isa = PBXSourcesBuildPhase;
			buildActionMask = 2147483647;
			files = (
				65804C6E1547EAAB00F9C501 /* main.m in Sources */,
				65804C721547EAAC00F9C501 /* RCAppDelegate.m in Sources */,
				65804C751547EAAC00F9C501 /* RCViewController.m in Sources */,
				65804C831547EC4E00F9C501 /* RCField.m in Sources */,
				65804C8A1547ECEA00F9C501 /* RCView.m in Sources */,
			);
			runOnlyForDeploymentPostprocessing = 0;
		};
/* End PBXSourcesBuildPhase section */

/* Begin PBXVariantGroup section */
		65804C6A1547EAAB00F9C501 /* InfoPlist.strings */ = {
			isa = PBXVariantGroup;
			children = (
				65804C6B1547EAAB00F9C501 /* en */,
			);
			name = InfoPlist.strings;
			sourceTree = "<group>";
		};
		65804C761547EAAC00F9C501 /* RCViewController_iPhone.xib */ = {
			isa = PBXVariantGroup;
			children = (
				65804C771547EAAC00F9C501 /* en */,
			);
			name = RCViewController_iPhone.xib;
			sourceTree = "<group>";
		};
		65804C791547EAAC00F9C501 /* RCViewController_iPad.xib */ = {
			isa = PBXVariantGroup;
			children = (
				65804C7A1547EAAC00F9C501 /* en */,
			);
			name = RCViewController_iPad.xib;
			sourceTree = "<group>";
		};
/* End PBXVariantGroup section */

/* Begin XCBuildConfiguration section */
		65804C7C1547EAAC00F9C501 /* Debug */ = {
			isa = XCBuildConfiguration;
			buildSettings = {
				ALWAYS_SEARCH_USER_PATHS = NO;
				ARCHS = "$(ARCHS_STANDARD_32_BIT)";
				CLANG_ENABLE_OBJC_ARC = YES;
				"CODE_SIGN_IDENTITY[sdk=iphoneos*]" = "iPhone Developer";
				COPY_PHASE_STRIP = NO;
				GCC_C_LANGUAGE_STANDARD = gnu99;
				GCC_DYNAMIC_NO_PIC = NO;
				GCC_OPTIMIZATION_LEVEL = 0;
				GCC_PREPROCESSOR_DEFINITIONS = (
					"DEBUG=1",
					"$(inherited)",
				);
				GCC_SYMBOLS_PRIVATE_EXTERN = NO;
				GCC_VERSION = com.apple.compilers.llvm.clang.1_0;
				GCC_WARN_ABOUT_RETURN_TYPE = YES;
				GCC_WARN_UNINITIALIZED_AUTOS = YES;
				GCC_WARN_UNUSED_VARIABLE = YES;
				IPHONEOS_DEPLOYMENT_TARGET = 5.1;
				SDKROOT = iphoneos;
				TARGETED_DEVICE_FAMILY = "1,2";
			};
			name = Debug;
		};
		65804C7D1547EAAC00F9C501 /* Release */ = {
			isa = XCBuildConfiguration;
			buildSettings = {
				ALWAYS_SEARCH_USER_PATHS = NO;
				ARCHS = "$(ARCHS_STANDARD_32_BIT)";
				CLANG_ENABLE_OBJC_ARC = YES;
				"CODE_SIGN_IDENTITY[sdk=iphoneos*]" = "iPhone Developer";
				COPY_PHASE_STRIP = YES;
				GCC_C_LANGUAGE_STANDARD = gnu99;
				GCC_VERSION = com.apple.compilers.llvm.clang.1_0;
				GCC_WARN_ABOUT_RETURN_TYPE = YES;
				GCC_WARN_UNINITIALIZED_AUTOS = YES;
				GCC_WARN_UNUSED_VARIABLE = YES;
				IPHONEOS_DEPLOYMENT_TARGET = 5.1;
				OTHER_CFLAGS = "-DNS_BLOCK_ASSERTIONS=1";
				SDKROOT = iphoneos;
				TARGETED_DEVICE_FAMILY = "1,2";
				VALIDATE_PRODUCT = YES;
			};
			name = Release;
		};
		65804C7F1547EAAC00F9C501 /* Debug */ = {
			isa = XCBuildConfiguration;
			buildSettings = {
				GCC_PRECOMPILE_PREFIX_HEADER = YES;
				GCC_PREFIX_HEADER = "RetinaConway/RetinaConway-Prefix.pch";
				INFOPLIST_FILE = "RetinaConway/RetinaConway-Info.plist";
				PRODUCT_NAME = "$(TARGET_NAME)";
				WRAPPER_EXTENSION = app;
			};
			name = Debug;
		};
		65804C801547EAAC00F9C501 /* Release */ = {
			isa = XCBuildConfiguration;
			buildSettings = {
				GCC_PRECOMPILE_PREFIX_HEADER = YES;
				GCC_PREFIX_HEADER = "RetinaConway/RetinaConway-Prefix.pch";
				INFOPLIST_FILE = "RetinaConway/RetinaConway-Info.plist";
				PRODUCT_NAME = "$(TARGET_NAME)";
				WRAPPER_EXTENSION = app;
			};
			name = Release;
		};
/* End XCBuildConfiguration section */

/* Begin XCConfigurationList section */
		65804C571547EAAB00F9C501 /* Build configuration list for PBXProject "RetinaConway" */ = {
			isa = XCConfigurationList;
			buildConfigurations = (
				65804C7C1547EAAC00F9C501 /* Debug */,
				65804C7D1547EAAC00F9C501 /* Release */,
			);
			defaultConfigurationIsVisible = 0;
			defaultConfigurationName = Release;
		};
		65804C7E1547EAAC00F9C501 /* Build configuration list for PBXNativeTarget "RetinaConway" */ = {
			isa = XCConfigurationList;
			buildConfigurations = (
				65804C7F1547EAAC00F9C501 /* Debug */,
				65804C801547EAAC00F9C501 /* Release */,
			);
			defaultConfigurationIsVisible = 0;
			defaultConfigurationName = Release;
		};
/* End XCConfigurationList section */
	};
	rootObject = 65804C541547EAAB00F9C501 /* Project object */;
}
